
Microsoft Visual Studio Solution File, Format Version 12.00
# Visual Studio Version 17
VisualStudioVersion = 17.2.32516.85
MinimumVisualStudioVersion = 10.0.40219.1
Project("{FAE04EC0-301F-11D3-BF4B-00C04F79EFBC}") = "Multithread_client_server", "21-22\Multithread_client_server.csproj", "{86CD944D-E26D-413C-87EB-7A4011F5CD03}"
EndProject
Project("{FAE04EC0-301F-11D3-BF4B-00C04F79EFBC}") = "Multithread_server", "Multithread_server\Multithread_server.csproj", "{12479F28-C951-48CA-948C-F6185FEA7C0D}"
EndProject
Global
	GlobalSection(SolutionConfigurationPlatforms) = preSolution
		Debug|Any CPU = Debug|Any CPU
		Release|Any CPU = Release|Any CPU
	EndGlobalSection
	GlobalSection(ProjectConfigurationPlatforms) = postSolution
		{86CD944D-E26D-413C-87EB-7A4011F5CD03}.Debug|Any CPU.ActiveCfg = Debug|Any CPU
		{86CD944D-E26D-413C-87EB-7A4011F5CD03}.Debug|Any CPU.Build.0 = Debug|Any CPU
		{86CD944D-E26D-413C-87EB-7A4011F5CD03}.Release|Any CPU.ActiveCfg = Release|Any CPU
		{86CD944D-E26D-413C-87EB-7A4011F5CD03}.Release|Any CPU.Build.0 = Release|Any CPU
		{12479F28-C951-48CA-948C-F6185FEA7C0D}.Debug|Any CPU.ActiveCfg = Debug|Any CPU
		{12479F28-C951-48CA-948C-F6185FEA7C0D}.Debug|Any CPU.Build.0 = Debug|Any CPU
		{12479F28-C951-48CA-948C-F6185FEA7C0D}.Release|Any CPU.ActiveCfg = Release|Any CPU
		{12479F28-C951-48CA-948C-F6185FEA7C0D}.Release|Any CPU.Build.0 = Release|Any CPU
	EndGlobalSection
	GlobalSection(SolutionProperties) = preSolution
		HideSolutionNode = FALSE
	EndGlobalSection
	GlobalSection(ExtensibilityGlobals) = postSolution
		SolutionGuid = {E377EBF3-4FCD-4D4C-A092-91B034F8D737}
	EndGlobalSection
EndGlobal
